
Microsoft Visual Studio Solution File, Format Version 12.00
# Visual Studio 14
VisualStudioVersion = 14.0.25420.1
MinimumVisualStudioVersion = 10.0.40219.1
Project("{FAE04EC0-301F-11D3-BF4B-00C04F79EFBC}") = "LearnNote", "LearnNote\LearnNote.csproj", "{C1D789FB-37F4-4682-A8B1-90DA91702B8F}"
EndProject
Project("{FAE04EC0-301F-11D3-BF4B-00C04F79EFBC}") = "LearnNote.Tests", "LearnNote.Tests\LearnNote.Tests.csproj", "{D5C770BE-BEDA-4BE8-8C52-A2B4721A96F0}"
EndProject
Global
	GlobalSection(SolutionConfigurationPlatforms) = preSolution
		Debug|Any CPU = Debug|Any CPU
		Release|Any CPU = Release|Any CPU
	EndGlobalSection
	GlobalSection(ProjectConfigurationPlatforms) = postSolution
		{C1D789FB-37F4-4682-A8B1-90DA91702B8F}.Debug|Any CPU.ActiveCfg = Debug|Any CPU
		{C1D789FB-37F4-4682-A8B1-90DA91702B8F}.Debug|Any CPU.Build.0 = Debug|Any CPU
		{C1D789FB-37F4-4682-A8B1-90DA91702B8F}.Release|Any CPU.ActiveCfg = Release|Any CPU
		{C1D789FB-37F4-4682-A8B1-90DA91702B8F}.Release|Any CPU.Build.0 = Release|Any CPU
		{D5C770BE-BEDA-4BE8-8C52-A2B4721A96F0}.Debug|Any CPU.ActiveCfg = Debug|Any CPU
		{D5C770BE-BEDA-4BE8-8C52-A2B4721A96F0}.Debug|Any CPU.Build.0 = Debug|Any CPU
		{D5C770BE-BEDA-4BE8-8C52-A2B4721A96F0}.Release|Any CPU.ActiveCfg = Release|Any CPU
		{D5C770BE-BEDA-4BE8-8C52-A2B4721A96F0}.Release|Any CPU.Build.0 = Release|Any CPU
	EndGlobalSection
	GlobalSection(SolutionProperties) = preSolution
		HideSolutionNode = FALSE
	EndGlobalSection
EndGlobal
